
Microsoft Visual Studio Solution File, Format Version 12.00
# Visual Studio 15
VisualStudioVersion = 15.0.26430.12
MinimumVisualStudioVersion = 10.0.40219.1
Project("{FAE04EC0-301F-11D3-BF4B-00C04F79EFBC}") = "Naxam.Busuu.Droid.Profile", "Naxam.Busuu.Droid.Profile\Naxam.Busuu.Droid.Profile.csproj", "{DFD37792-D1A1-463E-BA9F-8DD045E61178}"
EndProject
Project("{FAE04EC0-301F-11D3-BF4B-00C04F79EFBC}") = "Naxam.Busuu.Droid.Social", "Naxam.Busuu.Droid.Social\Naxam.Busuu.Droid.Social.csproj", "{57DAE196-2D72-405B-AE3A-C18A107FDE4B}"
EndProject
Project("{FAE04EC0-301F-11D3-BF4B-00C04F79EFBC}") = "Naxam.Busuu.Droid.Learning", "Naxam.Busuu.Droid.Learning\Naxam.Busuu.Droid.Learning.csproj", "{DD07F5A3-ACA2-4CDF-B4BA-591A395175F9}"
EndProject
Project("{FAE04EC0-301F-11D3-BF4B-00C04F79EFBC}") = "Naxam.Busuu.Droid", "Naxam.Busuu.Droid\Naxam.Busuu.Droid.csproj", "{8FD58FE0-D792-4586-A8B0-021EE7CF5E18}"
EndProject
Project("{2150E333-8FDC-42A3-9474-1A3956D46DE8}") = "droid", "droid", "{AEAB3692-EE6F-4642-9679-757968784E52}"
EndProject
Project("{2150E333-8FDC-42A3-9474-1A3956D46DE8}") = "ios", "ios", "{836A7A08-4642-4269-8938-13D3E8CA6261}"
EndProject
Project("{2150E333-8FDC-42A3-9474-1A3956D46DE8}") = "shared", "shared", "{146E0FA9-4039-458A-B596-760339ADBBFC}"
EndProject
Project("{FAE04EC0-301F-11D3-BF4B-00C04F79EFBC}") = "Naxam.Busuu.Droid.Core", "Naxam.Busuu.Droid.Core\Naxam.Busuu.Droid.Core.csproj", "{FE265042-A31B-44CE-8E0C-2260A89B2B12}"
EndProject
Project("{FAE04EC0-301F-11D3-BF4B-00C04F79EFBC}") = "Naxam.Busuu.Core", "Naxam.Busuu.Core\Naxam.Busuu.Core.csproj", "{A9928524-DB7A-4812-9C3A-81FE280939EF}"
EndProject
Project("{FAE04EC0-301F-11D3-BF4B-00C04F79EFBC}") = "Naxam.Busuu.Learning", "Naxam.Busuu.Learning\Naxam.Busuu.Learning.csproj", "{E1334FF3-BC22-4F7C-B363-A01DE69429F8}"
EndProject
Project("{FAE04EC0-301F-11D3-BF4B-00C04F79EFBC}") = "Naxam.Busuu.Profile", "Naxam.Busuu.Profile\Naxam.Busuu.Profile.csproj", "{B6F89F5C-B669-40B1-BCE1-C72089933F2F}"
EndProject
Project("{FAE04EC0-301F-11D3-BF4B-00C04F79EFBC}") = "Naxam.Busuu.Social", "Naxam.Busuu.Social\Naxam.Busuu.Social.csproj", "{6255CDA3-B742-4D16-AC6C-03E414EAC000}"
EndProject
Project("{FAE04EC0-301F-11D3-BF4B-00C04F79EFBC}") = "Naxam.Busuu.iOS", "Naxam.Busuu.iOS\Naxam.Busuu.iOS.csproj", "{CDD7C719-30F6-46F0-BCCF-4C85974F01C1}"
EndProject
Project("{FAE04EC0-301F-11D3-BF4B-00C04F79EFBC}") = "Naxam.Busuu.iOS.Core", "Naxam.Busuu.iOS\Naxam.Busuu.iOS.Core\Naxam.Busuu.iOS.Core.csproj", "{B18CE05B-DA11-45F4-BEF8-6945AE895FA2}"
EndProject
Project("{FAE04EC0-301F-11D3-BF4B-00C04F79EFBC}") = "Naxam.Busuu.iOS.Learning", "Naxam.Busuu.iOS\Naxam.Busuu.iOS.Learning\Naxam.Busuu.iOS.Learning.csproj", "{A8453AAF-F6BF-433B-B268-9954240CBBF4}"
EndProject
Project("{FAE04EC0-301F-11D3-BF4B-00C04F79EFBC}") = "Naxam.Busuu.iOS.Profile", "Naxam.Busuu.iOS\Naxam.Busuu.iOS.Profile\Naxam.Busuu.iOS.Profile.csproj", "{701B6C86-B033-45D2-89EE-0E11499DCA7E}"
EndProject
Project("{FAE04EC0-301F-11D3-BF4B-00C04F79EFBC}") = "Naxam.Busuu.Review", "Naxam.Busuu.Review\Naxam.Busuu.Review.csproj", "{BAAA7577-3BE2-423B-A051-61B47489B015}"
EndProject
Project("{FAE04EC0-301F-11D3-BF4B-00C04F79EFBC}") = "Naxam.Busuu.iOS.Review", "Naxam.Busuu.iOS\Naxam.Busuu.iOS.Review\Naxam.Busuu.iOS.Review.csproj", "{1030A24B-B42C-4076-B166-F7E3A875E071}"
EndProject
Global
	GlobalSection(SolutionConfigurationPlatforms) = preSolution
		Debug|Any CPU = Debug|Any CPU
		Release|Any CPU = Release|Any CPU
		Debug|iPhoneSimulator = Debug|iPhoneSimulator
		Release|iPhone = Release|iPhone
		Release|iPhoneSimulator = Release|iPhoneSimulator
		Debug|iPhone = Debug|iPhone
	EndGlobalSection
	GlobalSection(ProjectConfigurationPlatforms) = postSolution
		{DFD37792-D1A1-463E-BA9F-8DD045E61178}.Debug|Any CPU.ActiveCfg = Debug|Any CPU
		{DFD37792-D1A1-463E-BA9F-8DD045E61178}.Debug|Any CPU.Build.0 = Debug|Any CPU
		{DFD37792-D1A1-463E-BA9F-8DD045E61178}.Release|Any CPU.ActiveCfg = Release|Any CPU
		{DFD37792-D1A1-463E-BA9F-8DD045E61178}.Release|Any CPU.Build.0 = Release|Any CPU
		{DFD37792-D1A1-463E-BA9F-8DD045E61178}.Debug|iPhoneSimulator.ActiveCfg = Debug|Any CPU
		{DFD37792-D1A1-463E-BA9F-8DD045E61178}.Debug|iPhoneSimulator.Build.0 = Debug|Any CPU
		{DFD37792-D1A1-463E-BA9F-8DD045E61178}.Release|iPhone.ActiveCfg = Release|Any CPU
		{DFD37792-D1A1-463E-BA9F-8DD045E61178}.Release|iPhone.Build.0 = Release|Any CPU
		{DFD37792-D1A1-463E-BA9F-8DD045E61178}.Release|iPhoneSimulator.ActiveCfg = Release|Any CPU
		{DFD37792-D1A1-463E-BA9F-8DD045E61178}.Release|iPhoneSimulator.Build.0 = Release|Any CPU
		{DFD37792-D1A1-463E-BA9F-8DD045E61178}.Debug|iPhone.ActiveCfg = Debug|Any CPU
		{DFD37792-D1A1-463E-BA9F-8DD045E61178}.Debug|iPhone.Build.0 = Debug|Any CPU
		{57DAE196-2D72-405B-AE3A-C18A107FDE4B}.Debug|Any CPU.ActiveCfg = Debug|Any CPU
		{57DAE196-2D72-405B-AE3A-C18A107FDE4B}.Debug|Any CPU.Build.0 = Debug|Any CPU
		{57DAE196-2D72-405B-AE3A-C18A107FDE4B}.Release|Any CPU.ActiveCfg = Release|Any CPU
		{57DAE196-2D72-405B-AE3A-C18A107FDE4B}.Release|Any CPU.Build.0 = Release|Any CPU
		{57DAE196-2D72-405B-AE3A-C18A107FDE4B}.Debug|iPhoneSimulator.ActiveCfg = Debug|Any CPU
		{57DAE196-2D72-405B-AE3A-C18A107FDE4B}.Debug|iPhoneSimulator.Build.0 = Debug|Any CPU
		{57DAE196-2D72-405B-AE3A-C18A107FDE4B}.Release|iPhone.ActiveCfg = Release|Any CPU
		{57DAE196-2D72-405B-AE3A-C18A107FDE4B}.Release|iPhone.Build.0 = Release|Any CPU
		{57DAE196-2D72-405B-AE3A-C18A107FDE4B}.Release|iPhoneSimulator.ActiveCfg = Release|Any CPU
		{57DAE196-2D72-405B-AE3A-C18A107FDE4B}.Release|iPhoneSimulator.Build.0 = Release|Any CPU
		{57DAE196-2D72-405B-AE3A-C18A107FDE4B}.Debug|iPhone.ActiveCfg = Debug|Any CPU
		{57DAE196-2D72-405B-AE3A-C18A107FDE4B}.Debug|iPhone.Build.0 = Debug|Any CPU
		{DD07F5A3-ACA2-4CDF-B4BA-591A395175F9}.Debug|Any CPU.ActiveCfg = Debug|Any CPU
		{DD07F5A3-ACA2-4CDF-B4BA-591A395175F9}.Debug|Any CPU.Build.0 = Debug|Any CPU
		{DD07F5A3-ACA2-4CDF-B4BA-591A395175F9}.Release|Any CPU.ActiveCfg = Release|Any CPU
		{DD07F5A3-ACA2-4CDF-B4BA-591A395175F9}.Release|Any CPU.Build.0 = Release|Any CPU
		{DD07F5A3-ACA2-4CDF-B4BA-591A395175F9}.Debug|iPhoneSimulator.ActiveCfg = Debug|Any CPU
		{DD07F5A3-ACA2-4CDF-B4BA-591A395175F9}.Debug|iPhoneSimulator.Build.0 = Debug|Any CPU
		{DD07F5A3-ACA2-4CDF-B4BA-591A395175F9}.Release|iPhone.ActiveCfg = Release|Any CPU
		{DD07F5A3-ACA2-4CDF-B4BA-591A395175F9}.Release|iPhone.Build.0 = Release|Any CPU
		{DD07F5A3-ACA2-4CDF-B4BA-591A395175F9}.Release|iPhoneSimulator.ActiveCfg = Release|Any CPU
		{DD07F5A3-ACA2-4CDF-B4BA-591A395175F9}.Release|iPhoneSimulator.Build.0 = Release|Any CPU
		{DD07F5A3-ACA2-4CDF-B4BA-591A395175F9}.Debug|iPhone.ActiveCfg = Debug|Any CPU
		{DD07F5A3-ACA2-4CDF-B4BA-591A395175F9}.Debug|iPhone.Build.0 = Debug|Any CPU
		{8FD58FE0-D792-4586-A8B0-021EE7CF5E18}.Debug|Any CPU.ActiveCfg = Debug|Any CPU
		{8FD58FE0-D792-4586-A8B0-021EE7CF5E18}.Debug|Any CPU.Build.0 = Debug|Any CPU
		{8FD58FE0-D792-4586-A8B0-021EE7CF5E18}.Debug|Any CPU.Deploy.0 = Debug|Any CPU
		{8FD58FE0-D792-4586-A8B0-021EE7CF5E18}.Release|Any CPU.ActiveCfg = Release|Any CPU
		{8FD58FE0-D792-4586-A8B0-021EE7CF5E18}.Release|Any CPU.Build.0 = Release|Any CPU
		{8FD58FE0-D792-4586-A8B0-021EE7CF5E18}.Release|Any CPU.Deploy.0 = Release|Any CPU
		{8FD58FE0-D792-4586-A8B0-021EE7CF5E18}.Debug|iPhoneSimulator.ActiveCfg = Debug|Any CPU
		{8FD58FE0-D792-4586-A8B0-021EE7CF5E18}.Debug|iPhoneSimulator.Build.0 = Debug|Any CPU
		{8FD58FE0-D792-4586-A8B0-021EE7CF5E18}.Release|iPhone.ActiveCfg = Release|Any CPU
		{8FD58FE0-D792-4586-A8B0-021EE7CF5E18}.Release|iPhone.Build.0 = Release|Any CPU
		{8FD58FE0-D792-4586-A8B0-021EE7CF5E18}.Release|iPhoneSimulator.ActiveCfg = Release|Any CPU
		{8FD58FE0-D792-4586-A8B0-021EE7CF5E18}.Release|iPhoneSimulator.Build.0 = Release|Any CPU
		{8FD58FE0-D792-4586-A8B0-021EE7CF5E18}.Debug|iPhone.ActiveCfg = Debug|Any CPU
		{8FD58FE0-D792-4586-A8B0-021EE7CF5E18}.Debug|iPhone.Build.0 = Debug|Any CPU
		{FE265042-A31B-44CE-8E0C-2260A89B2B12}.Debug|Any CPU.ActiveCfg = Debug|Any CPU
		{FE265042-A31B-44CE-8E0C-2260A89B2B12}.Debug|Any CPU.Build.0 = Debug|Any CPU
		{FE265042-A31B-44CE-8E0C-2260A89B2B12}.Release|Any CPU.ActiveCfg = Release|Any CPU
		{FE265042-A31B-44CE-8E0C-2260A89B2B12}.Release|Any CPU.Build.0 = Release|Any CPU
		{FE265042-A31B-44CE-8E0C-2260A89B2B12}.Debug|iPhoneSimulator.ActiveCfg = Debug|Any CPU
		{FE265042-A31B-44CE-8E0C-2260A89B2B12}.Debug|iPhoneSimulator.Build.0 = Debug|Any CPU
		{FE265042-A31B-44CE-8E0C-2260A89B2B12}.Release|iPhone.ActiveCfg = Release|Any CPU
		{FE265042-A31B-44CE-8E0C-2260A89B2B12}.Release|iPhone.Build.0 = Release|Any CPU
		{FE265042-A31B-44CE-8E0C-2260A89B2B12}.Release|iPhoneSimulator.ActiveCfg = Release|Any CPU
		{FE265042-A31B-44CE-8E0C-2260A89B2B12}.Release|iPhoneSimulator.Build.0 = Release|Any CPU
		{FE265042-A31B-44CE-8E0C-2260A89B2B12}.Debug|iPhone.ActiveCfg = Debug|Any CPU
		{FE265042-A31B-44CE-8E0C-2260A89B2B12}.Debug|iPhone.Build.0 = Debug|Any CPU
		{A9928524-DB7A-4812-9C3A-81FE280939EF}.Debug|Any CPU.ActiveCfg = Debug|Any CPU
		{A9928524-DB7A-4812-9C3A-81FE280939EF}.Debug|Any CPU.Build.0 = Debug|Any CPU
		{A9928524-DB7A-4812-9C3A-81FE280939EF}.Release|Any CPU.ActiveCfg = Release|Any CPU
		{A9928524-DB7A-4812-9C3A-81FE280939EF}.Release|Any CPU.Build.0 = Release|Any CPU
		{A9928524-DB7A-4812-9C3A-81FE280939EF}.Debug|iPhoneSimulator.ActiveCfg = Debug|Any CPU
		{A9928524-DB7A-4812-9C3A-81FE280939EF}.Debug|iPhoneSimulator.Build.0 = Debug|Any CPU
		{A9928524-DB7A-4812-9C3A-81FE280939EF}.Release|iPhone.ActiveCfg = Release|Any CPU
		{A9928524-DB7A-4812-9C3A-81FE280939EF}.Release|iPhone.Build.0 = Release|Any CPU
		{A9928524-DB7A-4812-9C3A-81FE280939EF}.Release|iPhoneSimulator.ActiveCfg = Release|Any CPU
		{A9928524-DB7A-4812-9C3A-81FE280939EF}.Release|iPhoneSimulator.Build.0 = Release|Any CPU
		{A9928524-DB7A-4812-9C3A-81FE280939EF}.Debug|iPhone.ActiveCfg = Debug|Any CPU
		{A9928524-DB7A-4812-9C3A-81FE280939EF}.Debug|iPhone.Build.0 = Debug|Any CPU
		{E1334FF3-BC22-4F7C-B363-A01DE69429F8}.Debug|Any CPU.ActiveCfg = Debug|Any CPU
		{E1334FF3-BC22-4F7C-B363-A01DE69429F8}.Debug|Any CPU.Build.0 = Debug|Any CPU
		{E1334FF3-BC22-4F7C-B363-A01DE69429F8}.Release|Any CPU.ActiveCfg = Release|Any CPU
		{E1334FF3-BC22-4F7C-B363-A01DE69429F8}.Release|Any CPU.Build.0 = Release|Any CPU
		{E1334FF3-BC22-4F7C-B363-A01DE69429F8}.Debug|iPhoneSimulator.ActiveCfg = Debug|Any CPU
		{E1334FF3-BC22-4F7C-B363-A01DE69429F8}.Debug|iPhoneSimulator.Build.0 = Debug|Any CPU
		{E1334FF3-BC22-4F7C-B363-A01DE69429F8}.Release|iPhone.ActiveCfg = Release|Any CPU
		{E1334FF3-BC22-4F7C-B363-A01DE69429F8}.Release|iPhone.Build.0 = Release|Any CPU
		{E1334FF3-BC22-4F7C-B363-A01DE69429F8}.Release|iPhoneSimulator.ActiveCfg = Release|Any CPU
		{E1334FF3-BC22-4F7C-B363-A01DE69429F8}.Release|iPhoneSimulator.Build.0 = Release|Any CPU
		{E1334FF3-BC22-4F7C-B363-A01DE69429F8}.Debug|iPhone.ActiveCfg = Debug|Any CPU
		{E1334FF3-BC22-4F7C-B363-A01DE69429F8}.Debug|iPhone.Build.0 = Debug|Any CPU
		{B6F89F5C-B669-40B1-BCE1-C72089933F2F}.Debug|Any CPU.ActiveCfg = Debug|Any CPU
		{B6F89F5C-B669-40B1-BCE1-C72089933F2F}.Debug|Any CPU.Build.0 = Debug|Any CPU
		{B6F89F5C-B669-40B1-BCE1-C72089933F2F}.Release|Any CPU.ActiveCfg = Release|Any CPU
		{B6F89F5C-B669-40B1-BCE1-C72089933F2F}.Release|Any CPU.Build.0 = Release|Any CPU
		{B6F89F5C-B669-40B1-BCE1-C72089933F2F}.Debug|iPhoneSimulator.ActiveCfg = Debug|Any CPU
		{B6F89F5C-B669-40B1-BCE1-C72089933F2F}.Debug|iPhoneSimulator.Build.0 = Debug|Any CPU
		{B6F89F5C-B669-40B1-BCE1-C72089933F2F}.Release|iPhone.ActiveCfg = Release|Any CPU
		{B6F89F5C-B669-40B1-BCE1-C72089933F2F}.Release|iPhone.Build.0 = Release|Any CPU
		{B6F89F5C-B669-40B1-BCE1-C72089933F2F}.Release|iPhoneSimulator.ActiveCfg = Release|Any CPU
		{B6F89F5C-B669-40B1-BCE1-C72089933F2F}.Release|iPhoneSimulator.Build.0 = Release|Any CPU
		{B6F89F5C-B669-40B1-BCE1-C72089933F2F}.Debug|iPhone.ActiveCfg = Debug|Any CPU
		{B6F89F5C-B669-40B1-BCE1-C72089933F2F}.Debug|iPhone.Build.0 = Debug|Any CPU
		{6255CDA3-B742-4D16-AC6C-03E414EAC000}.Debug|Any CPU.ActiveCfg = Debug|Any CPU
		{6255CDA3-B742-4D16-AC6C-03E414EAC000}.Debug|Any CPU.Build.0 = Debug|Any CPU
		{6255CDA3-B742-4D16-AC6C-03E414EAC000}.Release|Any CPU.ActiveCfg = Release|Any CPU
		{6255CDA3-B742-4D16-AC6C-03E414EAC000}.Release|Any CPU.Build.0 = Release|Any CPU
		{6255CDA3-B742-4D16-AC6C-03E414EAC000}.Debug|iPhoneSimulator.ActiveCfg = Debug|Any CPU
		{6255CDA3-B742-4D16-AC6C-03E414EAC000}.Debug|iPhoneSimulator.Build.0 = Debug|Any CPU
		{6255CDA3-B742-4D16-AC6C-03E414EAC000}.Release|iPhone.ActiveCfg = Release|Any CPU
		{6255CDA3-B742-4D16-AC6C-03E414EAC000}.Release|iPhone.Build.0 = Release|Any CPU
		{6255CDA3-B742-4D16-AC6C-03E414EAC000}.Release|iPhoneSimulator.ActiveCfg = Release|Any CPU
		{6255CDA3-B742-4D16-AC6C-03E414EAC000}.Release|iPhoneSimulator.Build.0 = Release|Any CPU
		{6255CDA3-B742-4D16-AC6C-03E414EAC000}.Debug|iPhone.ActiveCfg = Debug|Any CPU
		{6255CDA3-B742-4D16-AC6C-03E414EAC000}.Debug|iPhone.Build.0 = Debug|Any CPU
		{CDD7C719-30F6-46F0-BCCF-4C85974F01C1}.Debug|Any CPU.ActiveCfg = Debug|iPhoneSimulator
		{CDD7C719-30F6-46F0-BCCF-4C85974F01C1}.Debug|Any CPU.Build.0 = Debug|iPhoneSimulator
		{CDD7C719-30F6-46F0-BCCF-4C85974F01C1}.Release|Any CPU.ActiveCfg = Release|iPhone
		{CDD7C719-30F6-46F0-BCCF-4C85974F01C1}.Release|Any CPU.Build.0 = Release|iPhone
		{CDD7C719-30F6-46F0-BCCF-4C85974F01C1}.Debug|iPhoneSimulator.ActiveCfg = Debug|iPhoneSimulator
		{CDD7C719-30F6-46F0-BCCF-4C85974F01C1}.Debug|iPhoneSimulator.Build.0 = Debug|iPhoneSimulator
		{CDD7C719-30F6-46F0-BCCF-4C85974F01C1}.Release|iPhone.ActiveCfg = Release|iPhone
		{CDD7C719-30F6-46F0-BCCF-4C85974F01C1}.Release|iPhone.Build.0 = Release|iPhone
		{CDD7C719-30F6-46F0-BCCF-4C85974F01C1}.Release|iPhoneSimulator.ActiveCfg = Release|iPhoneSimulator
		{CDD7C719-30F6-46F0-BCCF-4C85974F01C1}.Release|iPhoneSimulator.Build.0 = Release|iPhoneSimulator
		{CDD7C719-30F6-46F0-BCCF-4C85974F01C1}.Debug|iPhone.ActiveCfg = Debug|iPhone
		{CDD7C719-30F6-46F0-BCCF-4C85974F01C1}.Debug|iPhone.Build.0 = Debug|iPhone
		{B18CE05B-DA11-45F4-BEF8-6945AE895FA2}.Debug|Any CPU.ActiveCfg = Debug|Any CPU
		{B18CE05B-DA11-45F4-BEF8-6945AE895FA2}.Debug|Any CPU.Build.0 = Debug|Any CPU
		{B18CE05B-DA11-45F4-BEF8-6945AE895FA2}.Release|Any CPU.ActiveCfg = Release|Any CPU
		{B18CE05B-DA11-45F4-BEF8-6945AE895FA2}.Release|Any CPU.Build.0 = Release|Any CPU
		{B18CE05B-DA11-45F4-BEF8-6945AE895FA2}.Debug|iPhoneSimulator.ActiveCfg = Debug|Any CPU
		{B18CE05B-DA11-45F4-BEF8-6945AE895FA2}.Debug|iPhoneSimulator.Build.0 = Debug|Any CPU
		{B18CE05B-DA11-45F4-BEF8-6945AE895FA2}.Release|iPhone.ActiveCfg = Release|Any CPU
		{B18CE05B-DA11-45F4-BEF8-6945AE895FA2}.Release|iPhone.Build.0 = Release|Any CPU
		{B18CE05B-DA11-45F4-BEF8-6945AE895FA2}.Release|iPhoneSimulator.ActiveCfg = Release|Any CPU
		{B18CE05B-DA11-45F4-BEF8-6945AE895FA2}.Release|iPhoneSimulator.Build.0 = Release|Any CPU
		{B18CE05B-DA11-45F4-BEF8-6945AE895FA2}.Debug|iPhone.ActiveCfg = Debug|Any CPU
		{B18CE05B-DA11-45F4-BEF8-6945AE895FA2}.Debug|iPhone.Build.0 = Debug|Any CPU
		{A8453AAF-F6BF-433B-B268-9954240CBBF4}.Debug|Any CPU.ActiveCfg = Debug|Any CPU
		{A8453AAF-F6BF-433B-B268-9954240CBBF4}.Debug|Any CPU.Build.0 = Debug|Any CPU
		{A8453AAF-F6BF-433B-B268-9954240CBBF4}.Release|Any CPU.ActiveCfg = Release|Any CPU
		{A8453AAF-F6BF-433B-B268-9954240CBBF4}.Release|Any CPU.Build.0 = Release|Any CPU
		{A8453AAF-F6BF-433B-B268-9954240CBBF4}.Debug|iPhoneSimulator.ActiveCfg = Debug|Any CPU
		{A8453AAF-F6BF-433B-B268-9954240CBBF4}.Debug|iPhoneSimulator.Build.0 = Debug|Any CPU
		{A8453AAF-F6BF-433B-B268-9954240CBBF4}.Release|iPhone.ActiveCfg = Release|Any CPU
		{A8453AAF-F6BF-433B-B268-9954240CBBF4}.Release|iPhone.Build.0 = Release|Any CPU
		{A8453AAF-F6BF-433B-B268-9954240CBBF4}.Release|iPhoneSimulator.ActiveCfg = Release|Any CPU
		{A8453AAF-F6BF-433B-B268-9954240CBBF4}.Release|iPhoneSimulator.Build.0 = Release|Any CPU
		{A8453AAF-F6BF-433B-B268-9954240CBBF4}.Debug|iPhone.ActiveCfg = Debug|Any CPU
		{A8453AAF-F6BF-433B-B268-9954240CBBF4}.Debug|iPhone.Build.0 = Debug|Any CPU
		{701B6C86-B033-45D2-89EE-0E11499DCA7E}.Debug|Any CPU.ActiveCfg = Debug|Any CPU
		{701B6C86-B033-45D2-89EE-0E11499DCA7E}.Debug|Any CPU.Build.0 = Debug|Any CPU
		{701B6C86-B033-45D2-89EE-0E11499DCA7E}.Release|Any CPU.ActiveCfg = Release|Any CPU
		{701B6C86-B033-45D2-89EE-0E11499DCA7E}.Release|Any CPU.Build.0 = Release|Any CPU
		{701B6C86-B033-45D2-89EE-0E11499DCA7E}.Debug|iPhoneSimulator.ActiveCfg = Debug|Any CPU
		{701B6C86-B033-45D2-89EE-0E11499DCA7E}.Debug|iPhoneSimulator.Build.0 = Debug|Any CPU
		{701B6C86-B033-45D2-89EE-0E11499DCA7E}.Release|iPhone.ActiveCfg = Release|Any CPU
		{701B6C86-B033-45D2-89EE-0E11499DCA7E}.Release|iPhone.Build.0 = Release|Any CPU
		{701B6C86-B033-45D2-89EE-0E11499DCA7E}.Release|iPhoneSimulator.ActiveCfg = Release|Any CPU
		{701B6C86-B033-45D2-89EE-0E11499DCA7E}.Release|iPhoneSimulator.Build.0 = Release|Any CPU
		{701B6C86-B033-45D2-89EE-0E11499DCA7E}.Debug|iPhone.ActiveCfg = Debug|Any CPU
		{701B6C86-B033-45D2-89EE-0E11499DCA7E}.Debug|iPhone.Build.0 = Debug|Any CPU
		{BAAA7577-3BE2-423B-A051-61B47489B015}.Debug|Any CPU.ActiveCfg = Debug|Any CPU
		{BAAA7577-3BE2-423B-A051-61B47489B015}.Debug|Any CPU.Build.0 = Debug|Any CPU
		{BAAA7577-3BE2-423B-A051-61B47489B015}.Release|Any CPU.ActiveCfg = Release|Any CPU
		{BAAA7577-3BE2-423B-A051-61B47489B015}.Release|Any CPU.Build.0 = Release|Any CPU
		{BAAA7577-3BE2-423B-A051-61B47489B015}.Debug|iPhoneSimulator.ActiveCfg = Debug|Any CPU
		{BAAA7577-3BE2-423B-A051-61B47489B015}.Debug|iPhoneSimulator.Build.0 = Debug|Any CPU
		{BAAA7577-3BE2-423B-A051-61B47489B015}.Release|iPhone.ActiveCfg = Release|Any CPU
		{BAAA7577-3BE2-423B-A051-61B47489B015}.Release|iPhone.Build.0 = Release|Any CPU
		{BAAA7577-3BE2-423B-A051-61B47489B015}.Release|iPhoneSimulator.ActiveCfg = Release|Any CPU
		{BAAA7577-3BE2-423B-A051-61B47489B015}.Release|iPhoneSimulator.Build.0 = Release|Any CPU
		{BAAA7577-3BE2-423B-A051-61B47489B015}.Debug|iPhone.ActiveCfg = Debug|Any CPU
		{BAAA7577-3BE2-423B-A051-61B47489B015}.Debug|iPhone.Build.0 = Debug|Any CPU
		{1030A24B-B42C-4076-B166-F7E3A875E071}.Debug|Any CPU.ActiveCfg = Debug|Any CPU
		{1030A24B-B42C-4076-B166-F7E3A875E071}.Debug|Any CPU.Build.0 = Debug|Any CPU
		{1030A24B-B42C-4076-B166-F7E3A875E071}.Release|Any CPU.ActiveCfg = Release|Any CPU
		{1030A24B-B42C-4076-B166-F7E3A875E071}.Release|Any CPU.Build.0 = Release|Any CPU
		{1030A24B-B42C-4076-B166-F7E3A875E071}.Debug|iPhoneSimulator.ActiveCfg = Debug|Any CPU
		{1030A24B-B42C-4076-B166-F7E3A875E071}.Debug|iPhoneSimulator.Build.0 = Debug|Any CPU
		{1030A24B-B42C-4076-B166-F7E3A875E071}.Release|iPhone.ActiveCfg = Release|Any CPU
		{1030A24B-B42C-4076-B166-F7E3A875E071}.Release|iPhone.Build.0 = Release|Any CPU
		{1030A24B-B42C-4076-B166-F7E3A875E071}.Release|iPhoneSimulator.ActiveCfg = Release|Any CPU
		{1030A24B-B42C-4076-B166-F7E3A875E071}.Release|iPhoneSimulator.Build.0 = Release|Any CPU
		{1030A24B-B42C-4076-B166-F7E3A875E071}.Debug|iPhone.ActiveCfg = Debug|Any CPU
		{1030A24B-B42C-4076-B166-F7E3A875E071}.Debug|iPhone.Build.0 = Debug|Any CPU
	EndGlobalSection
	GlobalSection(SolutionProperties) = preSolution
		HideSolutionNode = FALSE
	EndGlobalSection
	GlobalSection(NestedProjects) = preSolution
		{DFD37792-D1A1-463E-BA9F-8DD045E61178} = {AEAB3692-EE6F-4642-9679-757968784E52}
		{57DAE196-2D72-405B-AE3A-C18A107FDE4B} = {AEAB3692-EE6F-4642-9679-757968784E52}
		{DD07F5A3-ACA2-4CDF-B4BA-591A395175F9} = {AEAB3692-EE6F-4642-9679-757968784E52}
		{8FD58FE0-D792-4586-A8B0-021EE7CF5E18} = {AEAB3692-EE6F-4642-9679-757968784E52}
		{FE265042-A31B-44CE-8E0C-2260A89B2B12} = {AEAB3692-EE6F-4642-9679-757968784E52}
		{A9928524-DB7A-4812-9C3A-81FE280939EF} = {146E0FA9-4039-458A-B596-760339ADBBFC}
		{E1334FF3-BC22-4F7C-B363-A01DE69429F8} = {146E0FA9-4039-458A-B596-760339ADBBFC}
		{B6F89F5C-B669-40B1-BCE1-C72089933F2F} = {146E0FA9-4039-458A-B596-760339ADBBFC}
		{6255CDA3-B742-4D16-AC6C-03E414EAC000} = {146E0FA9-4039-458A-B596-760339ADBBFC}
		{CDD7C719-30F6-46F0-BCCF-4C85974F01C1} = {836A7A08-4642-4269-8938-13D3E8CA6261}
		{B18CE05B-DA11-45F4-BEF8-6945AE895FA2} = {836A7A08-4642-4269-8938-13D3E8CA6261}
		{A8453AAF-F6BF-433B-B268-9954240CBBF4} = {836A7A08-4642-4269-8938-13D3E8CA6261}
		{701B6C86-B033-45D2-89EE-0E11499DCA7E} = {836A7A08-4642-4269-8938-13D3E8CA6261}
		{BAAA7577-3BE2-423B-A051-61B47489B015} = {146E0FA9-4039-458A-B596-760339ADBBFC}
		{1030A24B-B42C-4076-B166-F7E3A875E071} = {836A7A08-4642-4269-8938-13D3E8CA6261}
	EndGlobalSection
EndGlobal
